
Microsoft Visual Studio Solution File, Format Version 12.00
# Visual Studio Version 17
VisualStudioVersion = 17.14.36212.18 d17.14
MinimumVisualStudioVersion = 10.0.40219.1
Project("{FAE04EC0-301F-11D3-BF4B-00C04F79EFBC}") = "DelsassoStock", "DelsassoStock\DelsassoStock.csproj", "{CBEBE337-C2AD-4282-AE14-C693F771A7AC}"
EndProject
Project("{2150E333-8FDC-42A3-9474-1A3956D46DE8}") = "1 - Client", "1 - Client", "{02EA681E-C7D8-13C7-8484-4AC65E1B71E8}"
EndProject
Project("{2150E333-8FDC-42A3-9474-1A3956D46DE8}") = "2 - Services", "2 - Services", "{819FF4DE-7C32-4C6C-84F8-04E64E1B17C4}"
EndProject
Project("{2150E333-8FDC-42A3-9474-1A3956D46DE8}") = "3 - Application", "3 - Application", "{D1AEAB36-0F0F-4854-9C55-976CFDA60707}"
EndProject
Project("{2150E333-8FDC-42A3-9474-1A3956D46DE8}") = "4 - Domain", "4 - Domain", "{C2E84240-D3D9-4C9B-A0A4-E4A7443A1C63}"
EndProject
Project("{2150E333-8FDC-42A3-9474-1A3956D46DE8}") = "5 - Infra", "5 - Infra", "{0707E3F6-ABE3-4BFB-86AD-76F8BECDDA3F}"
EndProject
Project("{2150E333-8FDC-42A3-9474-1A3956D46DE8}") = "6 - Tests", "6 - Tests", "{373F1B67-7791-4A04-A0F0-8FB08BAD7DD9}"
EndProject
Project("{FAE04EC0-301F-11D3-BF4B-00C04F79EFBC}") = "DelsassoStock.Application", "DelsassoStock.Application\DelsassoStock.Application.csproj", "{9B78E81F-7721-4FE6-AC8D-9A8CC7EE2641}"
EndProject
Project("{FAE04EC0-301F-11D3-BF4B-00C04F79EFBC}") = "DelsassoStock.Domain", "DelsassoStock.Domain\DelsassoStock.Domain.csproj", "{C444E0EA-93A6-43D5-8754-6348EB29776E}"
EndProject
Project("{FAE04EC0-301F-11D3-BF4B-00C04F79EFBC}") = "DelsassoStock.Domain.Models", "DelsassoStock.Domain.Models\DelsassoStock.Domain.Models.csproj", "{3A6A9263-E076-44B2-A176-0303BC4AC59A}"
EndProject
Project("{2150E333-8FDC-42A3-9474-1A3956D46DE8}") = "5.1 - Data", "5.1 - Data", "{D1FFF4E5-6030-4CA9-BB4A-6F74C898F2C9}"
EndProject
Project("{2150E333-8FDC-42A3-9474-1A3956D46DE8}") = "5.2 - CrossCutting", "5.2 - CrossCutting", "{443634B9-A951-4BCF-8C24-3AB3235F6F81}"
EndProject
Project("{FAE04EC0-301F-11D3-BF4B-00C04F79EFBC}") = "DelsassoStock.Infra.Data", "DelsassoStock.Infra.Data\DelsassoStock.Infra.Data.csproj", "{41EEEA00-52E2-4416-99B4-A472511C828E}"
EndProject
Project("{FAE04EC0-301F-11D3-BF4B-00C04F79EFBC}") = "DelsassoStock.Infra.IoC", "DelsassoStock.Infra.IoC\DelsassoStock.Infra.IoC.csproj", "{44B37FC0-0E98-461E-A9EF-6E4FE52AC937}"
EndProject
Global
	GlobalSection(SolutionConfigurationPlatforms) = preSolution
		Debug|Any CPU = Debug|Any CPU
		Release|Any CPU = Release|Any CPU
	EndGlobalSection
	GlobalSection(ProjectConfigurationPlatforms) = postSolution
		{CBEBE337-C2AD-4282-AE14-C693F771A7AC}.Debug|Any CPU.ActiveCfg = Debug|Any CPU
		{CBEBE337-C2AD-4282-AE14-C693F771A7AC}.Debug|Any CPU.Build.0 = Debug|Any CPU
		{CBEBE337-C2AD-4282-AE14-C693F771A7AC}.Release|Any CPU.ActiveCfg = Release|Any CPU
		{CBEBE337-C2AD-4282-AE14-C693F771A7AC}.Release|Any CPU.Build.0 = Release|Any CPU
		{9B78E81F-7721-4FE6-AC8D-9A8CC7EE2641}.Debug|Any CPU.ActiveCfg = Debug|Any CPU
		{9B78E81F-7721-4FE6-AC8D-9A8CC7EE2641}.Debug|Any CPU.Build.0 = Debug|Any CPU
		{9B78E81F-7721-4FE6-AC8D-9A8CC7EE2641}.Release|Any CPU.ActiveCfg = Release|Any CPU
		{9B78E81F-7721-4FE6-AC8D-9A8CC7EE2641}.Release|Any CPU.Build.0 = Release|Any CPU
		{C444E0EA-93A6-43D5-8754-6348EB29776E}.Debug|Any CPU.ActiveCfg = Debug|Any CPU
		{C444E0EA-93A6-43D5-8754-6348EB29776E}.Debug|Any CPU.Build.0 = Debug|Any CPU
		{C444E0EA-93A6-43D5-8754-6348EB29776E}.Release|Any CPU.ActiveCfg = Release|Any CPU
		{C444E0EA-93A6-43D5-8754-6348EB29776E}.Release|Any CPU.Build.0 = Release|Any CPU
		{3A6A9263-E076-44B2-A176-0303BC4AC59A}.Debug|Any CPU.ActiveCfg = Debug|Any CPU
		{3A6A9263-E076-44B2-A176-0303BC4AC59A}.Debug|Any CPU.Build.0 = Debug|Any CPU
		{3A6A9263-E076-44B2-A176-0303BC4AC59A}.Release|Any CPU.ActiveCfg = Release|Any CPU
		{3A6A9263-E076-44B2-A176-0303BC4AC59A}.Release|Any CPU.Build.0 = Release|Any CPU
		{41EEEA00-52E2-4416-99B4-A472511C828E}.Debug|Any CPU.ActiveCfg = Debug|Any CPU
		{41EEEA00-52E2-4416-99B4-A472511C828E}.Debug|Any CPU.Build.0 = Debug|Any CPU
		{41EEEA00-52E2-4416-99B4-A472511C828E}.Release|Any CPU.ActiveCfg = Release|Any CPU
		{41EEEA00-52E2-4416-99B4-A472511C828E}.Release|Any CPU.Build.0 = Release|Any CPU
		{44B37FC0-0E98-461E-A9EF-6E4FE52AC937}.Debug|Any CPU.ActiveCfg = Debug|Any CPU
		{44B37FC0-0E98-461E-A9EF-6E4FE52AC937}.Debug|Any CPU.Build.0 = Debug|Any CPU
		{44B37FC0-0E98-461E-A9EF-6E4FE52AC937}.Release|Any CPU.ActiveCfg = Release|Any CPU
		{44B37FC0-0E98-461E-A9EF-6E4FE52AC937}.Release|Any CPU.Build.0 = Release|Any CPU
	EndGlobalSection
	GlobalSection(SolutionProperties) = preSolution
		HideSolutionNode = FALSE
	EndGlobalSection
	GlobalSection(NestedProjects) = preSolution
		{CBEBE337-C2AD-4282-AE14-C693F771A7AC} = {02EA681E-C7D8-13C7-8484-4AC65E1B71E8}
		{9B78E81F-7721-4FE6-AC8D-9A8CC7EE2641} = {D1AEAB36-0F0F-4854-9C55-976CFDA60707}
		{C444E0EA-93A6-43D5-8754-6348EB29776E} = {C2E84240-D3D9-4C9B-A0A4-E4A7443A1C63}
		{3A6A9263-E076-44B2-A176-0303BC4AC59A} = {C2E84240-D3D9-4C9B-A0A4-E4A7443A1C63}
		{D1FFF4E5-6030-4CA9-BB4A-6F74C898F2C9} = {0707E3F6-ABE3-4BFB-86AD-76F8BECDDA3F}
		{443634B9-A951-4BCF-8C24-3AB3235F6F81} = {0707E3F6-ABE3-4BFB-86AD-76F8BECDDA3F}
		{41EEEA00-52E2-4416-99B4-A472511C828E} = {D1FFF4E5-6030-4CA9-BB4A-6F74C898F2C9}
		{44B37FC0-0E98-461E-A9EF-6E4FE52AC937} = {443634B9-A951-4BCF-8C24-3AB3235F6F81}
	EndGlobalSection
	GlobalSection(ExtensibilityGlobals) = postSolution
		SolutionGuid = {1BBE42C9-BFFA-49AB-AE0F-8FAC3F87F8ED}
	EndGlobalSection
EndGlobal
